<?xml version="1.0" encoding="utf-8"?>
<Project ToolsVersion="4.0" xmlns="http://schemas.microsoft.com/developer/msbuild/2003">
  <ItemGroup>
    <Filter Include="Source Files">
      <UniqueIdentifier>{4FC737F1-C7A5-4376-A066-2A32D752A2FF}</UniqueIdentifier>
      <Extensions>cpp;c;cc;cxx;c++;cppm;ixx;def;odl;idl;hpj;bat;asm;asmx</Extensions>
    </Filter>
    <Filter Include="Header Files">
      <UniqueIdentifier>{93995380-89BD-4b04-88EB-625FBE52EBFB}</UniqueIdentifier>
      <Extensions>h;hh;hpp;hxx;h++;hm;inl;inc;ipp;xsd</Extensions>
    </Filter>
    <Filter Include="Resource Files">
      <UniqueIdentifier>{67DA6AB6-F800-4c08-8B7A-83BB121AAD01}</UniqueIdentifier>
      <Extensions>rc;ico;cur;bmp;dlg;rc2;rct;bin;rgs;gif;jpg;jpeg;jpe;resx;tiff;tif;png;wav;mfcribbon-ms</Extensions>
    </Filter>
    <Filter Include="Header Files\Clases Objetos">
      <UniqueIdentifier>{213fedf4-6583-49ef-975c-93f75b9e1664}</UniqueIdentifier>
    </Filter>
    <Filter Include="Header Files\Clases Objetos\Recursos">
      <UniqueIdentifier>{169ec41c-b4e1-4f05-8dcd-e7d5aa45bf2e}</UniqueIdentifier>
    </Filter>
    <Filter Include="Header Files\Bibliotecas Extra">
      <UniqueIdentifier>{f1fd09b1-a99d-4202-a7a5-1b62344e8661}</UniqueIdentifier>
    </Filter>
    <Filter Include="Header Files\Clases Objetos\Agentes">
      <UniqueIdentifier>{c756b823-b886-4315-a7bb-a3a7fdb9076d}</UniqueIdentifier>
    </Filter>
  </ItemGroup>
  <ItemGroup>
    <ClCompile Include="MyForm.cpp">
      <Filter>Source Files</Filter>
    </ClCompile>
  </ItemGroup>
  <ItemGroup>
    <ClInclude Include="MyForm.h">
      <Filter>Header Files</Filter>
    </ClInclude>
    <ClInclude Include="Agua.h">
      <Filter>Header Files\Clases Objetos\Recursos</Filter>
    </ClInclude>
    <ClInclude Include="Agente.h">
      <Filter>Header Files\Clases Objetos\Agentes</Filter>
    </ClInclude>
    <ClInclude Include="Enemigo.h">
      <Filter>Header Files\Clases Objetos\Agentes</Filter>
    </ClInclude>
    <ClInclude Include="Guardian.h">
      <Filter>Header Files\Clases Objetos\Agentes</Filter>
    </ClInclude>
    <ClInclude Include="Arbol.h">
      <Filter>Header Files\Clases Objetos\Recursos</Filter>
    </ClInclude>
    <ClInclude Include="Basura.h">
      <Filter>Header Files\Clases Objetos\Recursos</Filter>
    </ClInclude>
    <ClInclude Include="FuncionesCustom.h">
      <Filter>Header Files\Bibliotecas Extra</Filter>
    </ClInclude>
    <ClInclude Include="Entidad.h">
      <Filter>Header Files\Clases Objetos</Filter>
    </ClInclude>
    <ClInclude Include="Semilla.h">
      <Filter>Header Files\Clases Objetos\Agentes</Filter>
    </ClInclude>
    <ClInclude Include="GestionJuego.h">
      <Filter>Header Files</Filter>
    </ClInclude>
    <ClInclude Include="Aliado.h">
      <Filter>Header Files\Clases Objetos\Agentes</Filter>
    </ClInclude>
    <ClInclude Include="MyForm1.h">
      <Filter>Header Files</Filter>
    </ClInclude>
    <ClInclude Include="File.h">
      <Filter>Header Files</Filter>
    </ClInclude>
    <ClInclude Include="MenuJuego.h">
      <Filter>Header Files</Filter>
    </ClInclude>
    <ClInclude Include="Derrota.h">
      <Filter>Header Files</Filter>
    </ClInclude>
    <ClInclude Include="MyForm3.h">
      <Filter>Header Files</Filter>
    </ClInclude>
  </ItemGroup>
</Project>